
Microsoft Visual Studio Solution File, Format Version 12.00
# Visual Studio Version 16
VisualStudioVersion = 16.0.30114.105
MinimumVisualStudioVersion = 10.0.40219.1
Project("{2150E333-8FDC-42A3-9474-1A3956D46DE8}") = "src", "src", "{9C68029C-9945-4EFB-B6C7-7FA24303A589}"
ProjectSection(SolutionItems) = preProject
	README.md = README.md
EndProjectSection
EndProject
Project("{2150E333-8FDC-42A3-9474-1A3956D46DE8}") = "loadtest", "loadtest", "{15CE9513-2E3B-4DDC-A652-A606DA2FF07D}"
ProjectSection(SolutionItems) = preProject
	loadtest\generator.js = loadtest\generator.js
	loadtest\run-load-test.sh = loadtest\run-load-test.sh
	loadtest\load-test.yml = loadtest\load-test.yml
EndProjectSection
EndProject
Project("{2150E333-8FDC-42A3-9474-1A3956D46DE8}") = "MinimalAPI", "MinimalAPI", "{B40CF5D6-1DEB-4240-829E-3672D3341F76}"
ProjectSection(SolutionItems) = preProject
	src\MinimalAPI\template.yaml = src\MinimalAPI\template.yaml
	src\MinimalAPI\samconfig.toml = src\MinimalAPI\samconfig.toml
EndProjectSection
EndProject
Project("{FAE04EC0-301F-11D3-BF4B-00C04F79EFBC}") = "ApiBootstrap", "src\MinimalAPI\ApiBootstrap\ApiBootstrap.csproj", "{E3C9554D-9E98-4998-BF97-BE0CC7F23B4C}"
EndProject
Project("{2150E333-8FDC-42A3-9474-1A3956D46DE8}") = ".NET6 Top Level Statements", ".NET6 Top Level Statements", "{2D8DC52A-AEA2-4206-B680-7CADDFBE0F6F}"
ProjectSection(SolutionItems) = preProject
	src\.NET6TopLevelStatements\samconfig.toml = src\.NET6TopLevelStatements\samconfig.toml
	src\.NET6TopLevelStatements\template.yaml = src\.NET6TopLevelStatements\template.yaml
EndProjectSection
EndProject
Project("{FAE04EC0-301F-11D3-BF4B-00C04F79EFBC}") = "DeleteProduct", "src\.NET6TopLevelStatements\DeleteProduct\DeleteProduct.csproj", "{6702E07E-A3C5-4149-87F9-385B42FF507C}"
EndProject
Project("{FAE04EC0-301F-11D3-BF4B-00C04F79EFBC}") = "GetProduct", "src\.NET6TopLevelStatements\GetProduct\GetProduct.csproj", "{75408C90-BE9C-4085-9ED9-6F2132BD16FD}"
EndProject
Project("{FAE04EC0-301F-11D3-BF4B-00C04F79EFBC}") = "GetProducts", "src\.NET6TopLevelStatements\GetProducts\GetProducts.csproj", "{85E87459-3C1D-451B-B071-E2DBDC2EFC45}"
EndProject
Project("{FAE04EC0-301F-11D3-BF4B-00C04F79EFBC}") = "PutProduct", "src\.NET6TopLevelStatements\PutProduct\PutProduct.csproj", "{5CB843A2-65AA-4C13-A0F0-0F22F17E3691}"
EndProject
Project("{FAE04EC0-301F-11D3-BF4B-00C04F79EFBC}") = "Shared", "src\MinimalAPI\Shared\Shared.csproj", "{B07A5C9F-F09B-4DCC-89BF-D2FE33A4C120}"
EndProject
Project("{FAE04EC0-301F-11D3-BF4B-00C04F79EFBC}") = "Shared", "src\.NET6TopLevelStatements\Shared\Shared.csproj", "{446FE119-8CE9-4B78-907F-1ADCC38CC2CA}"
EndProject
Project("{2150E333-8FDC-42A3-9474-1A3956D46DE8}") = ".NET31", ".NET31", "{41A9EA2E-0C9C-4F5B-BF33-631210F5A09A}"
ProjectSection(SolutionItems) = preProject
	src\.NET31\samconfig.toml = src\.NET31\samconfig.toml
	src\.NET31\template.yaml = src\.NET31\template.yaml
EndProjectSection
EndProject
Project("{FAE04EC0-301F-11D3-BF4B-00C04F79EFBC}") = "DeleteProduct", "src\.NET31\DeleteProduct\DeleteProduct.csproj", "{29795A51-6CC9-4B41-B89C-59A742FED9E9}"
EndProject
Project("{FAE04EC0-301F-11D3-BF4B-00C04F79EFBC}") = "GetProduct", "src\.NET31\GetProduct\GetProduct.csproj", "{A1B5DCF1-BF70-4E57-B319-6588401015A6}"
EndProject
Project("{FAE04EC0-301F-11D3-BF4B-00C04F79EFBC}") = "GetProducts", "src\.NET31\GetProducts\GetProducts.csproj", "{A4569324-E0B2-48DC-8F89-0B6997BEC358}"
EndProject
Project("{FAE04EC0-301F-11D3-BF4B-00C04F79EFBC}") = "PutProduct", "src\.NET31\PutProduct\PutProduct.csproj", "{DC2FB850-EF86-4B1E-BCCD-0BBBEB716191}"
EndProject
Project("{FAE04EC0-301F-11D3-BF4B-00C04F79EFBC}") = "Shared", "src\.NET31\Shared\Shared.csproj", "{78E92545-9DAB-4D88-9E91-035D89FEA7FB}"
EndProject
Project("{2150E333-8FDC-42A3-9474-1A3956D46DE8}") = ".NET6", ".NET6", "{8D551C39-FF3B-4447-9D15-2F68676769C2}"
ProjectSection(SolutionItems) = preProject
	src\.NET6\samconfig.toml = src\.NET6\samconfig.toml
	src\.NET6\template.yaml = src\.NET6\template.yaml
EndProjectSection
EndProject
Project("{FAE04EC0-301F-11D3-BF4B-00C04F79EFBC}") = "DeleteProduct", "src\.NET6\DeleteProduct\DeleteProduct.csproj", "{95DA307A-606B-4280-B932-C64302080CE3}"
EndProject
Project("{FAE04EC0-301F-11D3-BF4B-00C04F79EFBC}") = "GetProduct", "src\.NET6\GetProduct\GetProduct.csproj", "{F4222E15-D3AC-4526-A34B-FD01D2DFD2D8}"
EndProject
Project("{FAE04EC0-301F-11D3-BF4B-00C04F79EFBC}") = "GetProducts", "src\.NET6\GetProducts\GetProducts.csproj", "{65EC51DC-AD0B-46E3-A6D5-79820C26FB69}"
EndProject
Project("{FAE04EC0-301F-11D3-BF4B-00C04F79EFBC}") = "PutProduct", "src\.NET6\PutProduct\PutProduct.csproj", "{284CDAFA-6121-41B6-821A-4F2C761BA2FA}"
EndProject
Project("{FAE04EC0-301F-11D3-BF4B-00C04F79EFBC}") = "Shared", "src\.NET6\Shared\Shared.csproj", "{1F77EB65-4095-476D-964C-68D4351812FA}"
EndProject
Global
	GlobalSection(SolutionConfigurationPlatforms) = preSolution
		Debug|Any CPU = Debug|Any CPU
		Release|Any CPU = Release|Any CPU
	EndGlobalSection
	GlobalSection(SolutionProperties) = preSolution
		HideSolutionNode = FALSE
	EndGlobalSection
	GlobalSection(ProjectConfigurationPlatforms) = postSolution
		{E3C9554D-9E98-4998-BF97-BE0CC7F23B4C}.Debug|Any CPU.ActiveCfg = Debug|Any CPU
		{E3C9554D-9E98-4998-BF97-BE0CC7F23B4C}.Debug|Any CPU.Build.0 = Debug|Any CPU
		{E3C9554D-9E98-4998-BF97-BE0CC7F23B4C}.Release|Any CPU.ActiveCfg = Release|Any CPU
		{E3C9554D-9E98-4998-BF97-BE0CC7F23B4C}.Release|Any CPU.Build.0 = Release|Any CPU
		{6702E07E-A3C5-4149-87F9-385B42FF507C}.Debug|Any CPU.ActiveCfg = Debug|Any CPU
		{6702E07E-A3C5-4149-87F9-385B42FF507C}.Debug|Any CPU.Build.0 = Debug|Any CPU
		{6702E07E-A3C5-4149-87F9-385B42FF507C}.Release|Any CPU.ActiveCfg = Release|Any CPU
		{6702E07E-A3C5-4149-87F9-385B42FF507C}.Release|Any CPU.Build.0 = Release|Any CPU
		{75408C90-BE9C-4085-9ED9-6F2132BD16FD}.Debug|Any CPU.ActiveCfg = Debug|Any CPU
		{75408C90-BE9C-4085-9ED9-6F2132BD16FD}.Debug|Any CPU.Build.0 = Debug|Any CPU
		{75408C90-BE9C-4085-9ED9-6F2132BD16FD}.Release|Any CPU.ActiveCfg = Release|Any CPU
		{75408C90-BE9C-4085-9ED9-6F2132BD16FD}.Release|Any CPU.Build.0 = Release|Any CPU
		{85E87459-3C1D-451B-B071-E2DBDC2EFC45}.Debug|Any CPU.ActiveCfg = Debug|Any CPU
		{85E87459-3C1D-451B-B071-E2DBDC2EFC45}.Debug|Any CPU.Build.0 = Debug|Any CPU
		{85E87459-3C1D-451B-B071-E2DBDC2EFC45}.Release|Any CPU.ActiveCfg = Release|Any CPU
		{85E87459-3C1D-451B-B071-E2DBDC2EFC45}.Release|Any CPU.Build.0 = Release|Any CPU
		{5CB843A2-65AA-4C13-A0F0-0F22F17E3691}.Debug|Any CPU.ActiveCfg = Debug|Any CPU
		{5CB843A2-65AA-4C13-A0F0-0F22F17E3691}.Debug|Any CPU.Build.0 = Debug|Any CPU
		{5CB843A2-65AA-4C13-A0F0-0F22F17E3691}.Release|Any CPU.ActiveCfg = Release|Any CPU
		{5CB843A2-65AA-4C13-A0F0-0F22F17E3691}.Release|Any CPU.Build.0 = Release|Any CPU
		{B07A5C9F-F09B-4DCC-89BF-D2FE33A4C120}.Debug|Any CPU.ActiveCfg = Debug|Any CPU
		{B07A5C9F-F09B-4DCC-89BF-D2FE33A4C120}.Debug|Any CPU.Build.0 = Debug|Any CPU
		{B07A5C9F-F09B-4DCC-89BF-D2FE33A4C120}.Release|Any CPU.ActiveCfg = Release|Any CPU
		{B07A5C9F-F09B-4DCC-89BF-D2FE33A4C120}.Release|Any CPU.Build.0 = Release|Any CPU
		{446FE119-8CE9-4B78-907F-1ADCC38CC2CA}.Debug|Any CPU.ActiveCfg = Debug|Any CPU
		{446FE119-8CE9-4B78-907F-1ADCC38CC2CA}.Debug|Any CPU.Build.0 = Debug|Any CPU
		{446FE119-8CE9-4B78-907F-1ADCC38CC2CA}.Release|Any CPU.ActiveCfg = Release|Any CPU
		{446FE119-8CE9-4B78-907F-1ADCC38CC2CA}.Release|Any CPU.Build.0 = Release|Any CPU
		{29795A51-6CC9-4B41-B89C-59A742FED9E9}.Debug|Any CPU.ActiveCfg = Debug|Any CPU
		{29795A51-6CC9-4B41-B89C-59A742FED9E9}.Debug|Any CPU.Build.0 = Debug|Any CPU
		{29795A51-6CC9-4B41-B89C-59A742FED9E9}.Release|Any CPU.ActiveCfg = Release|Any CPU
		{29795A51-6CC9-4B41-B89C-59A742FED9E9}.Release|Any CPU.Build.0 = Release|Any CPU
		{A1B5DCF1-BF70-4E57-B319-6588401015A6}.Debug|Any CPU.ActiveCfg = Debug|Any CPU
		{A1B5DCF1-BF70-4E57-B319-6588401015A6}.Debug|Any CPU.Build.0 = Debug|Any CPU
		{A1B5DCF1-BF70-4E57-B319-6588401015A6}.Release|Any CPU.ActiveCfg = Release|Any CPU
		{A1B5DCF1-BF70-4E57-B319-6588401015A6}.Release|Any CPU.Build.0 = Release|Any CPU
		{A4569324-E0B2-48DC-8F89-0B6997BEC358}.Debug|Any CPU.ActiveCfg = Debug|Any CPU
		{A4569324-E0B2-48DC-8F89-0B6997BEC358}.Debug|Any CPU.Build.0 = Debug|Any CPU
		{A4569324-E0B2-48DC-8F89-0B6997BEC358}.Release|Any CPU.ActiveCfg = Release|Any CPU
		{A4569324-E0B2-48DC-8F89-0B6997BEC358}.Release|Any CPU.Build.0 = Release|Any CPU
		{DC2FB850-EF86-4B1E-BCCD-0BBBEB716191}.Debug|Any CPU.ActiveCfg = Debug|Any CPU
		{DC2FB850-EF86-4B1E-BCCD-0BBBEB716191}.Debug|Any CPU.Build.0 = Debug|Any CPU
		{DC2FB850-EF86-4B1E-BCCD-0BBBEB716191}.Release|Any CPU.ActiveCfg = Release|Any CPU
		{DC2FB850-EF86-4B1E-BCCD-0BBBEB716191}.Release|Any CPU.Build.0 = Release|Any CPU
		{78E92545-9DAB-4D88-9E91-035D89FEA7FB}.Debug|Any CPU.ActiveCfg = Debug|Any CPU
		{78E92545-9DAB-4D88-9E91-035D89FEA7FB}.Debug|Any CPU.Build.0 = Debug|Any CPU
		{78E92545-9DAB-4D88-9E91-035D89FEA7FB}.Release|Any CPU.ActiveCfg = Release|Any CPU
		{78E92545-9DAB-4D88-9E91-035D89FEA7FB}.Release|Any CPU.Build.0 = Release|Any CPU
		{95DA307A-606B-4280-B932-C64302080CE3}.Debug|Any CPU.ActiveCfg = Debug|Any CPU
		{95DA307A-606B-4280-B932-C64302080CE3}.Debug|Any CPU.Build.0 = Debug|Any CPU
		{95DA307A-606B-4280-B932-C64302080CE3}.Release|Any CPU.ActiveCfg = Release|Any CPU
		{95DA307A-606B-4280-B932-C64302080CE3}.Release|Any CPU.Build.0 = Release|Any CPU
		{F4222E15-D3AC-4526-A34B-FD01D2DFD2D8}.Debug|Any CPU.ActiveCfg = Debug|Any CPU
		{F4222E15-D3AC-4526-A34B-FD01D2DFD2D8}.Debug|Any CPU.Build.0 = Debug|Any CPU
		{F4222E15-D3AC-4526-A34B-FD01D2DFD2D8}.Release|Any CPU.ActiveCfg = Release|Any CPU
		{F4222E15-D3AC-4526-A34B-FD01D2DFD2D8}.Release|Any CPU.Build.0 = Release|Any CPU
		{65EC51DC-AD0B-46E3-A6D5-79820C26FB69}.Debug|Any CPU.ActiveCfg = Debug|Any CPU
		{65EC51DC-AD0B-46E3-A6D5-79820C26FB69}.Debug|Any CPU.Build.0 = Debug|Any CPU
		{65EC51DC-AD0B-46E3-A6D5-79820C26FB69}.Release|Any CPU.ActiveCfg = Release|Any CPU
		{65EC51DC-AD0B-46E3-A6D5-79820C26FB69}.Release|Any CPU.Build.0 = Release|Any CPU
		{284CDAFA-6121-41B6-821A-4F2C761BA2FA}.Debug|Any CPU.ActiveCfg = Debug|Any CPU
		{284CDAFA-6121-41B6-821A-4F2C761BA2FA}.Debug|Any CPU.Build.0 = Debug|Any CPU
		{284CDAFA-6121-41B6-821A-4F2C761BA2FA}.Release|Any CPU.ActiveCfg = Release|Any CPU
		{284CDAFA-6121-41B6-821A-4F2C761BA2FA}.Release|Any CPU.Build.0 = Release|Any CPU
		{1F77EB65-4095-476D-964C-68D4351812FA}.Debug|Any CPU.ActiveCfg = Debug|Any CPU
		{1F77EB65-4095-476D-964C-68D4351812FA}.Debug|Any CPU.Build.0 = Debug|Any CPU
		{1F77EB65-4095-476D-964C-68D4351812FA}.Release|Any CPU.ActiveCfg = Release|Any CPU
		{1F77EB65-4095-476D-964C-68D4351812FA}.Release|Any CPU.Build.0 = Release|Any CPU
	EndGlobalSection
	GlobalSection(NestedProjects) = preSolution
		{B40CF5D6-1DEB-4240-829E-3672D3341F76} = {9C68029C-9945-4EFB-B6C7-7FA24303A589}
		{E3C9554D-9E98-4998-BF97-BE0CC7F23B4C} = {B40CF5D6-1DEB-4240-829E-3672D3341F76}
		{2D8DC52A-AEA2-4206-B680-7CADDFBE0F6F} = {9C68029C-9945-4EFB-B6C7-7FA24303A589}
		{6702E07E-A3C5-4149-87F9-385B42FF507C} = {2D8DC52A-AEA2-4206-B680-7CADDFBE0F6F}
		{75408C90-BE9C-4085-9ED9-6F2132BD16FD} = {2D8DC52A-AEA2-4206-B680-7CADDFBE0F6F}
		{85E87459-3C1D-451B-B071-E2DBDC2EFC45} = {2D8DC52A-AEA2-4206-B680-7CADDFBE0F6F}
		{5CB843A2-65AA-4C13-A0F0-0F22F17E3691} = {2D8DC52A-AEA2-4206-B680-7CADDFBE0F6F}
		{B07A5C9F-F09B-4DCC-89BF-D2FE33A4C120} = {B40CF5D6-1DEB-4240-829E-3672D3341F76}
		{446FE119-8CE9-4B78-907F-1ADCC38CC2CA} = {2D8DC52A-AEA2-4206-B680-7CADDFBE0F6F}
		{41A9EA2E-0C9C-4F5B-BF33-631210F5A09A} = {9C68029C-9945-4EFB-B6C7-7FA24303A589}
		{29795A51-6CC9-4B41-B89C-59A742FED9E9} = {41A9EA2E-0C9C-4F5B-BF33-631210F5A09A}
		{A1B5DCF1-BF70-4E57-B319-6588401015A6} = {41A9EA2E-0C9C-4F5B-BF33-631210F5A09A}
		{A4569324-E0B2-48DC-8F89-0B6997BEC358} = {41A9EA2E-0C9C-4F5B-BF33-631210F5A09A}
		{DC2FB850-EF86-4B1E-BCCD-0BBBEB716191} = {41A9EA2E-0C9C-4F5B-BF33-631210F5A09A}
		{78E92545-9DAB-4D88-9E91-035D89FEA7FB} = {41A9EA2E-0C9C-4F5B-BF33-631210F5A09A}
		{8D551C39-FF3B-4447-9D15-2F68676769C2} = {9C68029C-9945-4EFB-B6C7-7FA24303A589}
		{95DA307A-606B-4280-B932-C64302080CE3} = {8D551C39-FF3B-4447-9D15-2F68676769C2}
		{F4222E15-D3AC-4526-A34B-FD01D2DFD2D8} = {8D551C39-FF3B-4447-9D15-2F68676769C2}
		{65EC51DC-AD0B-46E3-A6D5-79820C26FB69} = {8D551C39-FF3B-4447-9D15-2F68676769C2}
		{284CDAFA-6121-41B6-821A-4F2C761BA2FA} = {8D551C39-FF3B-4447-9D15-2F68676769C2}
		{1F77EB65-4095-476D-964C-68D4351812FA} = {8D551C39-FF3B-4447-9D15-2F68676769C2}
	EndGlobalSection
EndGlobal
