
Microsoft Visual Studio Solution File, Format Version 12.00
# Visual Studio Version 17
VisualStudioVersion = 17.1.32210.238
MinimumVisualStudioVersion = 10.0.40219.1
Project("{2150E333-8FDC-42A3-9474-1A3956D46DE8}") = "src", "src", "{9C68029C-9945-4EFB-B6C7-7FA24303A589}"
	ProjectSection(SolutionItems) = preProject
		README.md = README.md
	EndProjectSection
EndProject
Project("{2150E333-8FDC-42A3-9474-1A3956D46DE8}") = "loadtest", "loadtest", "{15CE9513-2E3B-4DDC-A652-A606DA2FF07D}"
	ProjectSection(SolutionItems) = preProject
		loadtest\generator.js = loadtest\generator.js
		loadtest\load-test.yml = loadtest\load-test.yml
		loadtest\run-load-test.sh = loadtest\run-load-test.sh
	EndProjectSection
EndProject
Project("{2150E333-8FDC-42A3-9474-1A3956D46DE8}") = "NET6 Top Level Statements", "NET6 Top Level Statements", "{2D8DC52A-AEA2-4206-B680-7CADDFBE0F6F}"
	ProjectSection(SolutionItems) = preProject
		src\NET6TopLevelStatements\template.yaml = src\NET6TopLevelStatements\template.yaml
	EndProjectSection
EndProject
Project("{9A19103F-16F7-4668-BE54-9A1E7A4F7556}") = "DeleteProduct", "src\NET6TopLevelStatements\DeleteProduct\DeleteProduct.csproj", "{6702E07E-A3C5-4149-87F9-385B42FF507C}"
EndProject
Project("{9A19103F-16F7-4668-BE54-9A1E7A4F7556}") = "GetProduct", "src\NET6TopLevelStatements\GetProduct\GetProduct.csproj", "{75408C90-BE9C-4085-9ED9-6F2132BD16FD}"
EndProject
Project("{9A19103F-16F7-4668-BE54-9A1E7A4F7556}") = "GetProducts", "src\NET6TopLevelStatements\GetProducts\GetProducts.csproj", "{85E87459-3C1D-451B-B071-E2DBDC2EFC45}"
EndProject
Project("{9A19103F-16F7-4668-BE54-9A1E7A4F7556}") = "PutProduct", "src\NET6TopLevelStatements\PutProduct\PutProduct.csproj", "{5CB843A2-65AA-4C13-A0F0-0F22F17E3691}"
EndProject
Project("{9A19103F-16F7-4668-BE54-9A1E7A4F7556}") = "Shared", "src\NET6TopLevelStatements\Shared\Shared.csproj", "{446FE119-8CE9-4B78-907F-1ADCC38CC2CA}"
EndProject
Project("{2150E333-8FDC-42A3-9474-1A3956D46DE8}") = "NET6", "NET6", "{8D551C39-FF3B-4447-9D15-2F68676769C2}"
	ProjectSection(SolutionItems) = preProject
		src\NET6\template.yaml = src\NET6\template.yaml
	EndProjectSection
EndProject
Project("{9A19103F-16F7-4668-BE54-9A1E7A4F7556}") = "DeleteProduct", "src\NET6\DeleteProduct\DeleteProduct.csproj", "{95DA307A-606B-4280-B932-C64302080CE3}"
EndProject
Project("{9A19103F-16F7-4668-BE54-9A1E7A4F7556}") = "GetProduct", "src\NET6\GetProduct\GetProduct.csproj", "{F4222E15-D3AC-4526-A34B-FD01D2DFD2D8}"
EndProject
Project("{9A19103F-16F7-4668-BE54-9A1E7A4F7556}") = "GetProducts", "src\NET6\GetProducts\GetProducts.csproj", "{65EC51DC-AD0B-46E3-A6D5-79820C26FB69}"
EndProject
Project("{9A19103F-16F7-4668-BE54-9A1E7A4F7556}") = "PutProduct", "src\NET6\PutProduct\PutProduct.csproj", "{284CDAFA-6121-41B6-821A-4F2C761BA2FA}"
EndProject
Project("{9A19103F-16F7-4668-BE54-9A1E7A4F7556}") = "Shared", "src\NET6\Shared\Shared.csproj", "{1F77EB65-4095-476D-964C-68D4351812FA}"
EndProject
Project("{2150E333-8FDC-42A3-9474-1A3956D46DE8}") = "NET6Native", "NET6Native", "{1500C851-A5E2-4B23-A372-07B1EB2A845F}"
EndProject
Project("{9A19103F-16F7-4668-BE54-9A1E7A4F7556}") = "DeleteProduct", "src\NET6Native\DeleteProduct\DeleteProduct.csproj", "{E93712BD-66F9-4905-9738-0FEF2652BE85}"
EndProject
Project("{9A19103F-16F7-4668-BE54-9A1E7A4F7556}") = "GetProduct", "src\NET6Native\GetProduct\GetProduct.csproj", "{84F3A5AC-7791-4E16-AAAE-72CB293B0F36}"
EndProject
Project("{9A19103F-16F7-4668-BE54-9A1E7A4F7556}") = "GetProducts", "src\NET6Native\GetProducts\GetProducts.csproj", "{36F763A5-C3C4-4723-A56E-C9EC816F57D8}"
EndProject
Project("{9A19103F-16F7-4668-BE54-9A1E7A4F7556}") = "PutProduct", "src\NET6Native\PutProduct\PutProduct.csproj", "{9FCB9D5D-577B-4F30-AA0D-773E3F4EE4E0}"
EndProject
Project("{9A19103F-16F7-4668-BE54-9A1E7A4F7556}") = "Shared", "src\NET6Native\Shared\Shared.csproj", "{68AF51EB-0693-4995-A39B-D0E39B2F472E}"
EndProject
Project("{2150E333-8FDC-42A3-9474-1A3956D46DE8}") = "NET7", "NET7", "{F2B3C381-621E-4C28-9147-DCB4AAAD50C0}"
	ProjectSection(SolutionItems) = preProject
		src\NET7\makefile = src\NET7\makefile
		src\NET7\template.yaml = src\NET7\template.yaml
	EndProjectSection
EndProject
Project("{9A19103F-16F7-4668-BE54-9A1E7A4F7556}") = "DeleteProduct", "src\NET7\DeleteProduct\DeleteProduct.csproj", "{EFAE8848-44FC-4BE3-986C-C939AD6560CC}"
EndProject
Project("{9A19103F-16F7-4668-BE54-9A1E7A4F7556}") = "GetProduct", "src\NET7\GetProduct\GetProduct.csproj", "{CCE18983-6440-4526-84BF-61B1C9BD3288}"
EndProject
Project("{9A19103F-16F7-4668-BE54-9A1E7A4F7556}") = "GetProducts", "src\NET7\GetProducts\GetProducts.csproj", "{E6B2C39D-B529-43CF-902B-53F573676F23}"
EndProject
Project("{9A19103F-16F7-4668-BE54-9A1E7A4F7556}") = "PutProduct", "src\NET7\PutProduct\PutProduct.csproj", "{BE064AE2-E341-4891-95F0-2D82DE5AB200}"
EndProject
Project("{9A19103F-16F7-4668-BE54-9A1E7A4F7556}") = "Shared", "src\NET7\Shared\Shared.csproj", "{3CA34D94-7F4D-4FED-8E40-D9EED9765F33}"
EndProject
Project("{2150E333-8FDC-42A3-9474-1A3956D46DE8}") = "NET7Native", "NET7Native", "{C82EA26D-742F-4066-B9AE-21C53D48088D}"
	ProjectSection(SolutionItems) = preProject
		src\NET7Native\template.yaml = src\NET7Native\template.yaml
	EndProjectSection
EndProject
Project("{9A19103F-16F7-4668-BE54-9A1E7A4F7556}") = "DeleteProduct", "src\NET7Native\DeleteProduct\DeleteProduct.csproj", "{71ED1D4E-DEC2-4219-B655-B3C2C3FD0347}"
EndProject
Project("{9A19103F-16F7-4668-BE54-9A1E7A4F7556}") = "GetProduct", "src\NET7Native\GetProduct\GetProduct.csproj", "{E1ED4116-447B-47BB-B44D-DB4CD68532E4}"
EndProject
Project("{9A19103F-16F7-4668-BE54-9A1E7A4F7556}") = "GetProducts", "src\NET7Native\GetProducts\GetProducts.csproj", "{638EB204-8BA3-4344-9DBD-88C43FF475A3}"
EndProject
Project("{9A19103F-16F7-4668-BE54-9A1E7A4F7556}") = "PutProduct", "src\NET7Native\PutProduct\PutProduct.csproj", "{BD04AF99-EC96-410A-A0B8-FB879A7C9C91}"
EndProject
Project("{9A19103F-16F7-4668-BE54-9A1E7A4F7556}") = "Shared", "src\NET7Native\Shared\Shared.csproj", "{CD54157F-98C6-482C-840C-04434A3E58D4}"
EndProject
Project("{9A19103F-16F7-4668-BE54-9A1E7A4F7556}") = "GenerateLoadTestResults", "src\NET7Native\GenerateLoadTestResults\GenerateLoadTestResults.csproj", "{FA04D24A-83E9-4D7F-AA79-7A86702FE6F5}"
EndProject
Project("{2150E333-8FDC-42A3-9474-1A3956D46DE8}") = "Solution Items", "Solution Items", "{8FCEB439-38CA-4B93-ADE7-22F7E4CBB51E}"
	ProjectSection(SolutionItems) = preProject
		.dcignore = .dcignore
		.gitignore = .gitignore
		CODE_OF_CONDUCT.md = CODE_OF_CONDUCT.md
		CONTRIBUTING.md = CONTRIBUTING.md
		Directory.Build.props = Directory.Build.props
		LICENSE = LICENSE
		Makefile = Makefile
		nuget.config = nuget.config
		omnisharp.json = omnisharp.json
		README.md = README.md
	EndProjectSection
EndProject
Project("{9A19103F-16F7-4668-BE54-9A1E7A4F7556}") = "GenerateLoadTestResults", "src\NET6\GenerateLoadTestResults\GenerateLoadTestResults.csproj", "{4377FC69-1B73-4D2A-BBA8-FB69C4695D4C}"
EndProject
Project("{9A19103F-16F7-4668-BE54-9A1E7A4F7556}") = "GenerateLoadTestResults", "src\NET6TopLevelStatements\GenerateLoadTestResults\GenerateLoadTestResults.csproj", "{E93C0318-9A89-48AD-82F3-38AFDE31853C}"
EndProject
Project("{2150E333-8FDC-42A3-9474-1A3956D46DE8}") = "NET8", "NET8", "{10804C75-4CC5-4383-8F37-F8C0073460B9}"
	ProjectSection(SolutionItems) = preProject
		src\NET8\makefile = src\NET8\makefile
		src\NET8\template.yaml = src\NET8\template.yaml
	EndProjectSection
EndProject
Project("{9A19103F-16F7-4668-BE54-9A1E7A4F7556}") = "DeleteProduct", "src\NET8\DeleteProduct\DeleteProduct.csproj", "{01485058-58B2-4AF2-8C17-416309B45102}"
EndProject
Project("{9A19103F-16F7-4668-BE54-9A1E7A4F7556}") = "GetProduct", "src\NET8\GetProduct\GetProduct.csproj", "{1F67F2C9-73B3-49DA-8365-38A70F284231}"
EndProject
Project("{9A19103F-16F7-4668-BE54-9A1E7A4F7556}") = "GetProducts", "src\NET8\GetProducts\GetProducts.csproj", "{2A7B0F5A-1031-48CE-A9D9-DFD080D3219B}"
EndProject
Project("{9A19103F-16F7-4668-BE54-9A1E7A4F7556}") = "PutProduct", "src\NET8\PutProduct\PutProduct.csproj", "{C5E87AAA-E3AE-429D-A107-7F6852B11230}"
EndProject
Project("{9A19103F-16F7-4668-BE54-9A1E7A4F7556}") = "Shared", "src\NET8\Shared\Shared.csproj", "{12EE5800-F3B3-4E49-A463-8429C3975E0A}"
EndProject
Project("{2150E333-8FDC-42A3-9474-1A3956D46DE8}") = "NET8Native", "NET8Native", "{FDFE3CC3-D38F-42DD-8E35-319E35103396}"
	ProjectSection(SolutionItems) = preProject
		src\NET8Native\template.yaml = src\NET8Native\template.yaml
		.github\workflows\net-8-native-aot-pipeline-canary.yaml = .github\workflows\net-8-native-aot-pipeline-canary.yaml
	EndProjectSection
EndProject
Project("{9A19103F-16F7-4668-BE54-9A1E7A4F7556}") = "DeleteProduct", "src\NET8Native\DeleteProduct\DeleteProduct.csproj", "{60D799A3-B9DF-4769-AFB7-3AFCB89272C7}"
EndProject
Project("{9A19103F-16F7-4668-BE54-9A1E7A4F7556}") = "GenerateLoadTestResults", "src\NET8Native\GenerateLoadTestResults\GenerateLoadTestResults.csproj", "{7954D7C5-6DA4-4A2F-A912-6B420BA35CE0}"
EndProject
Project("{9A19103F-16F7-4668-BE54-9A1E7A4F7556}") = "GetProduct", "src\NET8Native\GetProduct\GetProduct.csproj", "{C5DF74B8-6D2D-42D0-8A48-0CEE64797E03}"
EndProject
Project("{9A19103F-16F7-4668-BE54-9A1E7A4F7556}") = "GetProducts", "src\NET8Native\GetProducts\GetProducts.csproj", "{956D92CD-3CF3-48A8-9CE4-4670707E901B}"
EndProject
Project("{9A19103F-16F7-4668-BE54-9A1E7A4F7556}") = "PutProduct", "src\NET8Native\PutProduct\PutProduct.csproj", "{20A2C2AE-6D11-4179-B756-3F15FB7FB350}"
EndProject
Project("{9A19103F-16F7-4668-BE54-9A1E7A4F7556}") = "Shared", "src\NET8Native\Shared\Shared.csproj", "{BF083055-F856-4B96-AB01-D66609826814}"
EndProject
Project("{9A19103F-16F7-4668-BE54-9A1E7A4F7556}") = "GenerateLoadTestResults", "src\NET7\GenerateLoadTestResults\GenerateLoadTestResults.csproj", "{C3C0404C-8A83-407D-96ED-F04A85282E32}"
EndProject
Project("{9A19103F-16F7-4668-BE54-9A1E7A4F7556}") = "GenerateLoadTestResults", "src\NET8\GenerateLoadTestResults\GenerateLoadTestResults.csproj", "{6FAFFF6E-13E4-4600-AC83-F63E54F1B054}"
EndProject
Project("{2150E333-8FDC-42A3-9474-1A3956D46DE8}") = "metrics", "metrics", "{420B6538-4CB8-49F2-B245-54C6C8C9992A}"
	ProjectSection(SolutionItems) = preProject
		metrics\README.md = metrics\README.md
		metrics\template.yaml = metrics\template.yaml
	EndProjectSection
EndProject
Project("{9A19103F-16F7-4668-BE54-9A1E7A4F7556}") = "logsToMetrics", "metrics\src\logsToMetrics\logsToMetrics.csproj", "{16CA6B48-F18F-4CFF-98D5-DD33E5066A16}"
EndProject
Project("{2150E333-8FDC-42A3-9474-1A3956D46DE8}") = "NET9CustomRuntime", "NET9CustomRuntime", "{A85E5BE3-CA61-499F-B819-127944EC3A5C}"
	ProjectSection(SolutionItems) = preProject
		src\NET9CustomRuntime\Makefile = src\NET9CustomRuntime\Makefile
		src\NET9CustomRuntime\template.yaml = src\NET9CustomRuntime\template.yaml
		.github\workflows\net-9-pipeline-canary.yaml = .github\workflows\net-9-pipeline-canary.yaml
	EndProjectSection
EndProject
Project("{FAE04EC0-301F-11D3-BF4B-00C04F79EFBC}") = "DeleteProduct", "src\NET9CustomRuntime\DeleteProduct\DeleteProduct.csproj", "{8A545DEF-C766-42E4-948E-1807CD9B703F}"
EndProject
Project("{FAE04EC0-301F-11D3-BF4B-00C04F79EFBC}") = "GetProduct", "src\NET9CustomRuntime\GetProduct\GetProduct.csproj", "{04D76857-7A53-4B70-8D3E-0FD2614AC7A1}"
EndProject
Project("{FAE04EC0-301F-11D3-BF4B-00C04F79EFBC}") = "GetProducts", "src\NET9CustomRuntime\GetProducts\GetProducts.csproj", "{553409B3-DA20-436E-823F-F5F590CACC11}"
EndProject
Project("{FAE04EC0-301F-11D3-BF4B-00C04F79EFBC}") = "PutProduct", "src\NET9CustomRuntime\PutProduct\PutProduct.csproj", "{78DE821A-CC51-4387-9863-C10C35F092CD}"
EndProject
Project("{FAE04EC0-301F-11D3-BF4B-00C04F79EFBC}") = "Shared", "src\NET9CustomRuntime\Shared\Shared.csproj", "{8F6D9BF5-2763-4136-B08B-262CFF237E00}"
EndProject
Project("{2150E333-8FDC-42A3-9474-1A3956D46DE8}") = "GitHub", "GitHub", "{6EBD8D18-8091-4406-BEE5-99E9B3F3343E}"
EndProject
Project("{2150E333-8FDC-42A3-9474-1A3956D46DE8}") = "generate-report", "generate-report", "{3CEA22A8-720D-48AA-BECC-4689DDD5B565}"
	ProjectSection(SolutionItems) = preProject
		.github\actions\generate-report\action.yml = .github\actions\generate-report\action.yml
	EndProjectSection
EndProject
Project("{2150E333-8FDC-42A3-9474-1A3956D46DE8}") = "run-load-test", "run-load-test", "{8871E566-208B-4A5E-A091-942472B81D4B}"
	ProjectSection(SolutionItems) = preProject
		.github\actions\run-load-test\action.yml = .github\actions\run-load-test\action.yml
	EndProjectSection
EndProject
Project("{2150E333-8FDC-42A3-9474-1A3956D46DE8}") = "sam-build-and-deploy", "sam-build-and-deploy", "{0515B3A0-9C89-4239-A0AE-771849E39C99}"
	ProjectSection(SolutionItems) = preProject
		.github\actions\sam-build-and-deploy\action.yml = .github\actions\sam-build-and-deploy\action.yml
	EndProjectSection
EndProject
Project("{2150E333-8FDC-42A3-9474-1A3956D46DE8}") = "sam-build-and-deploy-containers", "sam-build-and-deploy-containers", "{8DEAFADE-57B4-4DC6-B5E9-C6FF62169D90}"
	ProjectSection(SolutionItems) = preProject
		.github\actions\sam-build-and-deploy-containers\action.yml = .github\actions\sam-build-and-deploy-containers\action.yml
	EndProjectSection
EndProject
Project("{2150E333-8FDC-42A3-9474-1A3956D46DE8}") = "sam-build-and-deploy-native", "sam-build-and-deploy-native", "{3732BFAB-E2FF-4492-978A-26187BC46F33}"
	ProjectSection(SolutionItems) = preProject
		.github\actions\sam-build-and-deploy-native\action.yml = .github\actions\sam-build-and-deploy-native\action.yml
	EndProjectSection
EndProject
Project("{2150E333-8FDC-42A3-9474-1A3956D46DE8}") = "sam-build-and-deploy-native-arm", "sam-build-and-deploy-native-arm", "{7A31BEFB-05B0-40D6-8CA2-BC2D48C99F3B}"
	ProjectSection(SolutionItems) = preProject
		.github\actions\sam-build-and-deploy-native-arm\action.yml = .github\actions\sam-build-and-deploy-native-arm\action.yml
	EndProjectSection
EndProject
Global
	GlobalSection(SolutionConfigurationPlatforms) = preSolution
		Debug|Any CPU = Debug|Any CPU
		Release|Any CPU = Release|Any CPU
	EndGlobalSection
	GlobalSection(ProjectConfigurationPlatforms) = postSolution
		{6702E07E-A3C5-4149-87F9-385B42FF507C}.Debug|Any CPU.ActiveCfg = Debug|Any CPU
		{6702E07E-A3C5-4149-87F9-385B42FF507C}.Debug|Any CPU.Build.0 = Debug|Any CPU
		{6702E07E-A3C5-4149-87F9-385B42FF507C}.Release|Any CPU.ActiveCfg = Release|Any CPU
		{6702E07E-A3C5-4149-87F9-385B42FF507C}.Release|Any CPU.Build.0 = Release|Any CPU
		{75408C90-BE9C-4085-9ED9-6F2132BD16FD}.Debug|Any CPU.ActiveCfg = Debug|Any CPU
		{75408C90-BE9C-4085-9ED9-6F2132BD16FD}.Debug|Any CPU.Build.0 = Debug|Any CPU
		{75408C90-BE9C-4085-9ED9-6F2132BD16FD}.Release|Any CPU.ActiveCfg = Release|Any CPU
		{75408C90-BE9C-4085-9ED9-6F2132BD16FD}.Release|Any CPU.Build.0 = Release|Any CPU
		{85E87459-3C1D-451B-B071-E2DBDC2EFC45}.Debug|Any CPU.ActiveCfg = Debug|Any CPU
		{85E87459-3C1D-451B-B071-E2DBDC2EFC45}.Debug|Any CPU.Build.0 = Debug|Any CPU
		{85E87459-3C1D-451B-B071-E2DBDC2EFC45}.Release|Any CPU.ActiveCfg = Release|Any CPU
		{85E87459-3C1D-451B-B071-E2DBDC2EFC45}.Release|Any CPU.Build.0 = Release|Any CPU
		{5CB843A2-65AA-4C13-A0F0-0F22F17E3691}.Debug|Any CPU.ActiveCfg = Debug|Any CPU
		{5CB843A2-65AA-4C13-A0F0-0F22F17E3691}.Debug|Any CPU.Build.0 = Debug|Any CPU
		{5CB843A2-65AA-4C13-A0F0-0F22F17E3691}.Release|Any CPU.ActiveCfg = Release|Any CPU
		{5CB843A2-65AA-4C13-A0F0-0F22F17E3691}.Release|Any CPU.Build.0 = Release|Any CPU
		{446FE119-8CE9-4B78-907F-1ADCC38CC2CA}.Debug|Any CPU.ActiveCfg = Debug|Any CPU
		{446FE119-8CE9-4B78-907F-1ADCC38CC2CA}.Debug|Any CPU.Build.0 = Debug|Any CPU
		{446FE119-8CE9-4B78-907F-1ADCC38CC2CA}.Release|Any CPU.ActiveCfg = Release|Any CPU
		{446FE119-8CE9-4B78-907F-1ADCC38CC2CA}.Release|Any CPU.Build.0 = Release|Any CPU
		{95DA307A-606B-4280-B932-C64302080CE3}.Debug|Any CPU.ActiveCfg = Debug|Any CPU
		{95DA307A-606B-4280-B932-C64302080CE3}.Debug|Any CPU.Build.0 = Debug|Any CPU
		{95DA307A-606B-4280-B932-C64302080CE3}.Release|Any CPU.ActiveCfg = Release|Any CPU
		{95DA307A-606B-4280-B932-C64302080CE3}.Release|Any CPU.Build.0 = Release|Any CPU
		{F4222E15-D3AC-4526-A34B-FD01D2DFD2D8}.Debug|Any CPU.ActiveCfg = Debug|Any CPU
		{F4222E15-D3AC-4526-A34B-FD01D2DFD2D8}.Debug|Any CPU.Build.0 = Debug|Any CPU
		{F4222E15-D3AC-4526-A34B-FD01D2DFD2D8}.Release|Any CPU.ActiveCfg = Release|Any CPU
		{F4222E15-D3AC-4526-A34B-FD01D2DFD2D8}.Release|Any CPU.Build.0 = Release|Any CPU
		{65EC51DC-AD0B-46E3-A6D5-79820C26FB69}.Debug|Any CPU.ActiveCfg = Debug|Any CPU
		{65EC51DC-AD0B-46E3-A6D5-79820C26FB69}.Debug|Any CPU.Build.0 = Debug|Any CPU
		{65EC51DC-AD0B-46E3-A6D5-79820C26FB69}.Release|Any CPU.ActiveCfg = Release|Any CPU
		{65EC51DC-AD0B-46E3-A6D5-79820C26FB69}.Release|Any CPU.Build.0 = Release|Any CPU
		{284CDAFA-6121-41B6-821A-4F2C761BA2FA}.Debug|Any CPU.ActiveCfg = Debug|Any CPU
		{284CDAFA-6121-41B6-821A-4F2C761BA2FA}.Debug|Any CPU.Build.0 = Debug|Any CPU
		{284CDAFA-6121-41B6-821A-4F2C761BA2FA}.Release|Any CPU.ActiveCfg = Release|Any CPU
		{284CDAFA-6121-41B6-821A-4F2C761BA2FA}.Release|Any CPU.Build.0 = Release|Any CPU
		{1F77EB65-4095-476D-964C-68D4351812FA}.Debug|Any CPU.ActiveCfg = Debug|Any CPU
		{1F77EB65-4095-476D-964C-68D4351812FA}.Debug|Any CPU.Build.0 = Debug|Any CPU
		{1F77EB65-4095-476D-964C-68D4351812FA}.Release|Any CPU.ActiveCfg = Release|Any CPU
		{1F77EB65-4095-476D-964C-68D4351812FA}.Release|Any CPU.Build.0 = Release|Any CPU
		{E93712BD-66F9-4905-9738-0FEF2652BE85}.Debug|Any CPU.ActiveCfg = Debug|Any CPU
		{E93712BD-66F9-4905-9738-0FEF2652BE85}.Debug|Any CPU.Build.0 = Debug|Any CPU
		{E93712BD-66F9-4905-9738-0FEF2652BE85}.Release|Any CPU.ActiveCfg = Release|Any CPU
		{E93712BD-66F9-4905-9738-0FEF2652BE85}.Release|Any CPU.Build.0 = Release|Any CPU
		{84F3A5AC-7791-4E16-AAAE-72CB293B0F36}.Debug|Any CPU.ActiveCfg = Debug|Any CPU
		{84F3A5AC-7791-4E16-AAAE-72CB293B0F36}.Debug|Any CPU.Build.0 = Debug|Any CPU
		{84F3A5AC-7791-4E16-AAAE-72CB293B0F36}.Release|Any CPU.ActiveCfg = Release|Any CPU
		{84F3A5AC-7791-4E16-AAAE-72CB293B0F36}.Release|Any CPU.Build.0 = Release|Any CPU
		{36F763A5-C3C4-4723-A56E-C9EC816F57D8}.Debug|Any CPU.ActiveCfg = Debug|Any CPU
		{36F763A5-C3C4-4723-A56E-C9EC816F57D8}.Debug|Any CPU.Build.0 = Debug|Any CPU
		{36F763A5-C3C4-4723-A56E-C9EC816F57D8}.Release|Any CPU.ActiveCfg = Release|Any CPU
		{36F763A5-C3C4-4723-A56E-C9EC816F57D8}.Release|Any CPU.Build.0 = Release|Any CPU
		{9FCB9D5D-577B-4F30-AA0D-773E3F4EE4E0}.Debug|Any CPU.ActiveCfg = Debug|Any CPU
		{9FCB9D5D-577B-4F30-AA0D-773E3F4EE4E0}.Debug|Any CPU.Build.0 = Debug|Any CPU
		{9FCB9D5D-577B-4F30-AA0D-773E3F4EE4E0}.Release|Any CPU.ActiveCfg = Release|Any CPU
		{9FCB9D5D-577B-4F30-AA0D-773E3F4EE4E0}.Release|Any CPU.Build.0 = Release|Any CPU
		{68AF51EB-0693-4995-A39B-D0E39B2F472E}.Debug|Any CPU.ActiveCfg = Debug|Any CPU
		{68AF51EB-0693-4995-A39B-D0E39B2F472E}.Debug|Any CPU.Build.0 = Debug|Any CPU
		{68AF51EB-0693-4995-A39B-D0E39B2F472E}.Release|Any CPU.ActiveCfg = Release|Any CPU
		{68AF51EB-0693-4995-A39B-D0E39B2F472E}.Release|Any CPU.Build.0 = Release|Any CPU
		{EFAE8848-44FC-4BE3-986C-C939AD6560CC}.Debug|Any CPU.ActiveCfg = Debug|Any CPU
		{EFAE8848-44FC-4BE3-986C-C939AD6560CC}.Debug|Any CPU.Build.0 = Debug|Any CPU
		{EFAE8848-44FC-4BE3-986C-C939AD6560CC}.Release|Any CPU.ActiveCfg = Release|Any CPU
		{EFAE8848-44FC-4BE3-986C-C939AD6560CC}.Release|Any CPU.Build.0 = Release|Any CPU
		{CCE18983-6440-4526-84BF-61B1C9BD3288}.Debug|Any CPU.ActiveCfg = Debug|Any CPU
		{CCE18983-6440-4526-84BF-61B1C9BD3288}.Debug|Any CPU.Build.0 = Debug|Any CPU
		{CCE18983-6440-4526-84BF-61B1C9BD3288}.Release|Any CPU.ActiveCfg = Release|Any CPU
		{CCE18983-6440-4526-84BF-61B1C9BD3288}.Release|Any CPU.Build.0 = Release|Any CPU
		{E6B2C39D-B529-43CF-902B-53F573676F23}.Debug|Any CPU.ActiveCfg = Debug|Any CPU
		{E6B2C39D-B529-43CF-902B-53F573676F23}.Debug|Any CPU.Build.0 = Debug|Any CPU
		{E6B2C39D-B529-43CF-902B-53F573676F23}.Release|Any CPU.ActiveCfg = Release|Any CPU
		{E6B2C39D-B529-43CF-902B-53F573676F23}.Release|Any CPU.Build.0 = Release|Any CPU
		{BE064AE2-E341-4891-95F0-2D82DE5AB200}.Debug|Any CPU.ActiveCfg = Debug|Any CPU
		{BE064AE2-E341-4891-95F0-2D82DE5AB200}.Debug|Any CPU.Build.0 = Debug|Any CPU
		{BE064AE2-E341-4891-95F0-2D82DE5AB200}.Release|Any CPU.ActiveCfg = Release|Any CPU
		{BE064AE2-E341-4891-95F0-2D82DE5AB200}.Release|Any CPU.Build.0 = Release|Any CPU
		{3CA34D94-7F4D-4FED-8E40-D9EED9765F33}.Debug|Any CPU.ActiveCfg = Debug|Any CPU
		{3CA34D94-7F4D-4FED-8E40-D9EED9765F33}.Debug|Any CPU.Build.0 = Debug|Any CPU
		{3CA34D94-7F4D-4FED-8E40-D9EED9765F33}.Release|Any CPU.ActiveCfg = Release|Any CPU
		{3CA34D94-7F4D-4FED-8E40-D9EED9765F33}.Release|Any CPU.Build.0 = Release|Any CPU
		{71ED1D4E-DEC2-4219-B655-B3C2C3FD0347}.Debug|Any CPU.ActiveCfg = Debug|Any CPU
		{71ED1D4E-DEC2-4219-B655-B3C2C3FD0347}.Debug|Any CPU.Build.0 = Debug|Any CPU
		{71ED1D4E-DEC2-4219-B655-B3C2C3FD0347}.Release|Any CPU.ActiveCfg = Release|Any CPU
		{71ED1D4E-DEC2-4219-B655-B3C2C3FD0347}.Release|Any CPU.Build.0 = Release|Any CPU
		{E1ED4116-447B-47BB-B44D-DB4CD68532E4}.Debug|Any CPU.ActiveCfg = Debug|Any CPU
		{E1ED4116-447B-47BB-B44D-DB4CD68532E4}.Debug|Any CPU.Build.0 = Debug|Any CPU
		{E1ED4116-447B-47BB-B44D-DB4CD68532E4}.Release|Any CPU.ActiveCfg = Release|Any CPU
		{E1ED4116-447B-47BB-B44D-DB4CD68532E4}.Release|Any CPU.Build.0 = Release|Any CPU
		{638EB204-8BA3-4344-9DBD-88C43FF475A3}.Debug|Any CPU.ActiveCfg = Debug|Any CPU
		{638EB204-8BA3-4344-9DBD-88C43FF475A3}.Debug|Any CPU.Build.0 = Debug|Any CPU
		{638EB204-8BA3-4344-9DBD-88C43FF475A3}.Release|Any CPU.ActiveCfg = Release|Any CPU
		{638EB204-8BA3-4344-9DBD-88C43FF475A3}.Release|Any CPU.Build.0 = Release|Any CPU
		{BD04AF99-EC96-410A-A0B8-FB879A7C9C91}.Debug|Any CPU.ActiveCfg = Debug|Any CPU
		{BD04AF99-EC96-410A-A0B8-FB879A7C9C91}.Debug|Any CPU.Build.0 = Debug|Any CPU
		{BD04AF99-EC96-410A-A0B8-FB879A7C9C91}.Release|Any CPU.ActiveCfg = Release|Any CPU
		{BD04AF99-EC96-410A-A0B8-FB879A7C9C91}.Release|Any CPU.Build.0 = Release|Any CPU
		{CD54157F-98C6-482C-840C-04434A3E58D4}.Debug|Any CPU.ActiveCfg = Debug|Any CPU
		{CD54157F-98C6-482C-840C-04434A3E58D4}.Debug|Any CPU.Build.0 = Debug|Any CPU
		{CD54157F-98C6-482C-840C-04434A3E58D4}.Release|Any CPU.ActiveCfg = Release|Any CPU
		{CD54157F-98C6-482C-840C-04434A3E58D4}.Release|Any CPU.Build.0 = Release|Any CPU
		{FA04D24A-83E9-4D7F-AA79-7A86702FE6F5}.Debug|Any CPU.ActiveCfg = Debug|Any CPU
		{FA04D24A-83E9-4D7F-AA79-7A86702FE6F5}.Debug|Any CPU.Build.0 = Debug|Any CPU
		{FA04D24A-83E9-4D7F-AA79-7A86702FE6F5}.Release|Any CPU.ActiveCfg = Release|Any CPU
		{FA04D24A-83E9-4D7F-AA79-7A86702FE6F5}.Release|Any CPU.Build.0 = Release|Any CPU
		{4377FC69-1B73-4D2A-BBA8-FB69C4695D4C}.Debug|Any CPU.ActiveCfg = Debug|Any CPU
		{4377FC69-1B73-4D2A-BBA8-FB69C4695D4C}.Debug|Any CPU.Build.0 = Debug|Any CPU
		{4377FC69-1B73-4D2A-BBA8-FB69C4695D4C}.Release|Any CPU.ActiveCfg = Release|Any CPU
		{4377FC69-1B73-4D2A-BBA8-FB69C4695D4C}.Release|Any CPU.Build.0 = Release|Any CPU
		{E93C0318-9A89-48AD-82F3-38AFDE31853C}.Debug|Any CPU.ActiveCfg = Debug|Any CPU
		{E93C0318-9A89-48AD-82F3-38AFDE31853C}.Debug|Any CPU.Build.0 = Debug|Any CPU
		{E93C0318-9A89-48AD-82F3-38AFDE31853C}.Release|Any CPU.ActiveCfg = Release|Any CPU
		{E93C0318-9A89-48AD-82F3-38AFDE31853C}.Release|Any CPU.Build.0 = Release|Any CPU
		{01485058-58B2-4AF2-8C17-416309B45102}.Debug|Any CPU.ActiveCfg = Debug|Any CPU
		{01485058-58B2-4AF2-8C17-416309B45102}.Debug|Any CPU.Build.0 = Debug|Any CPU
		{01485058-58B2-4AF2-8C17-416309B45102}.Release|Any CPU.ActiveCfg = Release|Any CPU
		{01485058-58B2-4AF2-8C17-416309B45102}.Release|Any CPU.Build.0 = Release|Any CPU
		{1F67F2C9-73B3-49DA-8365-38A70F284231}.Debug|Any CPU.ActiveCfg = Debug|Any CPU
		{1F67F2C9-73B3-49DA-8365-38A70F284231}.Debug|Any CPU.Build.0 = Debug|Any CPU
		{1F67F2C9-73B3-49DA-8365-38A70F284231}.Release|Any CPU.ActiveCfg = Release|Any CPU
		{1F67F2C9-73B3-49DA-8365-38A70F284231}.Release|Any CPU.Build.0 = Release|Any CPU
		{2A7B0F5A-1031-48CE-A9D9-DFD080D3219B}.Debug|Any CPU.ActiveCfg = Debug|Any CPU
		{2A7B0F5A-1031-48CE-A9D9-DFD080D3219B}.Debug|Any CPU.Build.0 = Debug|Any CPU
		{2A7B0F5A-1031-48CE-A9D9-DFD080D3219B}.Release|Any CPU.ActiveCfg = Release|Any CPU
		{2A7B0F5A-1031-48CE-A9D9-DFD080D3219B}.Release|Any CPU.Build.0 = Release|Any CPU
		{C5E87AAA-E3AE-429D-A107-7F6852B11230}.Debug|Any CPU.ActiveCfg = Debug|Any CPU
		{C5E87AAA-E3AE-429D-A107-7F6852B11230}.Debug|Any CPU.Build.0 = Debug|Any CPU
		{C5E87AAA-E3AE-429D-A107-7F6852B11230}.Release|Any CPU.ActiveCfg = Release|Any CPU
		{C5E87AAA-E3AE-429D-A107-7F6852B11230}.Release|Any CPU.Build.0 = Release|Any CPU
		{12EE5800-F3B3-4E49-A463-8429C3975E0A}.Debug|Any CPU.ActiveCfg = Debug|Any CPU
		{12EE5800-F3B3-4E49-A463-8429C3975E0A}.Debug|Any CPU.Build.0 = Debug|Any CPU
		{12EE5800-F3B3-4E49-A463-8429C3975E0A}.Release|Any CPU.ActiveCfg = Release|Any CPU
		{12EE5800-F3B3-4E49-A463-8429C3975E0A}.Release|Any CPU.Build.0 = Release|Any CPU
		{60D799A3-B9DF-4769-AFB7-3AFCB89272C7}.Debug|Any CPU.ActiveCfg = Debug|Any CPU
		{60D799A3-B9DF-4769-AFB7-3AFCB89272C7}.Debug|Any CPU.Build.0 = Debug|Any CPU
		{60D799A3-B9DF-4769-AFB7-3AFCB89272C7}.Release|Any CPU.ActiveCfg = Release|Any CPU
		{60D799A3-B9DF-4769-AFB7-3AFCB89272C7}.Release|Any CPU.Build.0 = Release|Any CPU
		{7954D7C5-6DA4-4A2F-A912-6B420BA35CE0}.Debug|Any CPU.ActiveCfg = Debug|Any CPU
		{7954D7C5-6DA4-4A2F-A912-6B420BA35CE0}.Debug|Any CPU.Build.0 = Debug|Any CPU
		{7954D7C5-6DA4-4A2F-A912-6B420BA35CE0}.Release|Any CPU.ActiveCfg = Release|Any CPU
		{7954D7C5-6DA4-4A2F-A912-6B420BA35CE0}.Release|Any CPU.Build.0 = Release|Any CPU
		{C5DF74B8-6D2D-42D0-8A48-0CEE64797E03}.Debug|Any CPU.ActiveCfg = Debug|Any CPU
		{C5DF74B8-6D2D-42D0-8A48-0CEE64797E03}.Debug|Any CPU.Build.0 = Debug|Any CPU
		{C5DF74B8-6D2D-42D0-8A48-0CEE64797E03}.Release|Any CPU.ActiveCfg = Release|Any CPU
		{C5DF74B8-6D2D-42D0-8A48-0CEE64797E03}.Release|Any CPU.Build.0 = Release|Any CPU
		{956D92CD-3CF3-48A8-9CE4-4670707E901B}.Debug|Any CPU.ActiveCfg = Debug|Any CPU
		{956D92CD-3CF3-48A8-9CE4-4670707E901B}.Debug|Any CPU.Build.0 = Debug|Any CPU
		{956D92CD-3CF3-48A8-9CE4-4670707E901B}.Release|Any CPU.ActiveCfg = Release|Any CPU
		{956D92CD-3CF3-48A8-9CE4-4670707E901B}.Release|Any CPU.Build.0 = Release|Any CPU
		{20A2C2AE-6D11-4179-B756-3F15FB7FB350}.Debug|Any CPU.ActiveCfg = Debug|Any CPU
		{20A2C2AE-6D11-4179-B756-3F15FB7FB350}.Debug|Any CPU.Build.0 = Debug|Any CPU
		{20A2C2AE-6D11-4179-B756-3F15FB7FB350}.Release|Any CPU.ActiveCfg = Release|Any CPU
		{20A2C2AE-6D11-4179-B756-3F15FB7FB350}.Release|Any CPU.Build.0 = Release|Any CPU
		{BF083055-F856-4B96-AB01-D66609826814}.Debug|Any CPU.ActiveCfg = Debug|Any CPU
		{BF083055-F856-4B96-AB01-D66609826814}.Debug|Any CPU.Build.0 = Debug|Any CPU
		{BF083055-F856-4B96-AB01-D66609826814}.Release|Any CPU.ActiveCfg = Release|Any CPU
		{BF083055-F856-4B96-AB01-D66609826814}.Release|Any CPU.Build.0 = Release|Any CPU
		{C3C0404C-8A83-407D-96ED-F04A85282E32}.Debug|Any CPU.ActiveCfg = Debug|Any CPU
		{C3C0404C-8A83-407D-96ED-F04A85282E32}.Debug|Any CPU.Build.0 = Debug|Any CPU
		{C3C0404C-8A83-407D-96ED-F04A85282E32}.Release|Any CPU.ActiveCfg = Release|Any CPU
		{C3C0404C-8A83-407D-96ED-F04A85282E32}.Release|Any CPU.Build.0 = Release|Any CPU
		{6FAFFF6E-13E4-4600-AC83-F63E54F1B054}.Debug|Any CPU.ActiveCfg = Debug|Any CPU
		{6FAFFF6E-13E4-4600-AC83-F63E54F1B054}.Debug|Any CPU.Build.0 = Debug|Any CPU
		{6FAFFF6E-13E4-4600-AC83-F63E54F1B054}.Release|Any CPU.ActiveCfg = Release|Any CPU
		{6FAFFF6E-13E4-4600-AC83-F63E54F1B054}.Release|Any CPU.Build.0 = Release|Any CPU
		{16CA6B48-F18F-4CFF-98D5-DD33E5066A16}.Debug|Any CPU.ActiveCfg = Debug|Any CPU
		{16CA6B48-F18F-4CFF-98D5-DD33E5066A16}.Debug|Any CPU.Build.0 = Debug|Any CPU
		{16CA6B48-F18F-4CFF-98D5-DD33E5066A16}.Release|Any CPU.ActiveCfg = Release|Any CPU
		{16CA6B48-F18F-4CFF-98D5-DD33E5066A16}.Release|Any CPU.Build.0 = Release|Any CPU
		{8A545DEF-C766-42E4-948E-1807CD9B703F}.Debug|Any CPU.ActiveCfg = Debug|Any CPU
		{8A545DEF-C766-42E4-948E-1807CD9B703F}.Debug|Any CPU.Build.0 = Debug|Any CPU
		{8A545DEF-C766-42E4-948E-1807CD9B703F}.Release|Any CPU.ActiveCfg = Release|Any CPU
		{8A545DEF-C766-42E4-948E-1807CD9B703F}.Release|Any CPU.Build.0 = Release|Any CPU
		{04D76857-7A53-4B70-8D3E-0FD2614AC7A1}.Debug|Any CPU.ActiveCfg = Debug|Any CPU
		{04D76857-7A53-4B70-8D3E-0FD2614AC7A1}.Debug|Any CPU.Build.0 = Debug|Any CPU
		{04D76857-7A53-4B70-8D3E-0FD2614AC7A1}.Release|Any CPU.ActiveCfg = Release|Any CPU
		{04D76857-7A53-4B70-8D3E-0FD2614AC7A1}.Release|Any CPU.Build.0 = Release|Any CPU
		{553409B3-DA20-436E-823F-F5F590CACC11}.Debug|Any CPU.ActiveCfg = Debug|Any CPU
		{553409B3-DA20-436E-823F-F5F590CACC11}.Debug|Any CPU.Build.0 = Debug|Any CPU
		{553409B3-DA20-436E-823F-F5F590CACC11}.Release|Any CPU.ActiveCfg = Release|Any CPU
		{553409B3-DA20-436E-823F-F5F590CACC11}.Release|Any CPU.Build.0 = Release|Any CPU
		{78DE821A-CC51-4387-9863-C10C35F092CD}.Debug|Any CPU.ActiveCfg = Debug|Any CPU
		{78DE821A-CC51-4387-9863-C10C35F092CD}.Debug|Any CPU.Build.0 = Debug|Any CPU
		{78DE821A-CC51-4387-9863-C10C35F092CD}.Release|Any CPU.ActiveCfg = Release|Any CPU
		{78DE821A-CC51-4387-9863-C10C35F092CD}.Release|Any CPU.Build.0 = Release|Any CPU
		{8F6D9BF5-2763-4136-B08B-262CFF237E00}.Debug|Any CPU.ActiveCfg = Debug|Any CPU
		{8F6D9BF5-2763-4136-B08B-262CFF237E00}.Debug|Any CPU.Build.0 = Debug|Any CPU
		{8F6D9BF5-2763-4136-B08B-262CFF237E00}.Release|Any CPU.ActiveCfg = Release|Any CPU
		{8F6D9BF5-2763-4136-B08B-262CFF237E00}.Release|Any CPU.Build.0 = Release|Any CPU
	EndGlobalSection
	GlobalSection(SolutionProperties) = preSolution
		HideSolutionNode = FALSE
	EndGlobalSection
	GlobalSection(NestedProjects) = preSolution
		{2D8DC52A-AEA2-4206-B680-7CADDFBE0F6F} = {9C68029C-9945-4EFB-B6C7-7FA24303A589}
		{6702E07E-A3C5-4149-87F9-385B42FF507C} = {2D8DC52A-AEA2-4206-B680-7CADDFBE0F6F}
		{75408C90-BE9C-4085-9ED9-6F2132BD16FD} = {2D8DC52A-AEA2-4206-B680-7CADDFBE0F6F}
		{85E87459-3C1D-451B-B071-E2DBDC2EFC45} = {2D8DC52A-AEA2-4206-B680-7CADDFBE0F6F}
		{5CB843A2-65AA-4C13-A0F0-0F22F17E3691} = {2D8DC52A-AEA2-4206-B680-7CADDFBE0F6F}
		{446FE119-8CE9-4B78-907F-1ADCC38CC2CA} = {2D8DC52A-AEA2-4206-B680-7CADDFBE0F6F}
		{8D551C39-FF3B-4447-9D15-2F68676769C2} = {9C68029C-9945-4EFB-B6C7-7FA24303A589}
		{95DA307A-606B-4280-B932-C64302080CE3} = {8D551C39-FF3B-4447-9D15-2F68676769C2}
		{F4222E15-D3AC-4526-A34B-FD01D2DFD2D8} = {8D551C39-FF3B-4447-9D15-2F68676769C2}
		{65EC51DC-AD0B-46E3-A6D5-79820C26FB69} = {8D551C39-FF3B-4447-9D15-2F68676769C2}
		{284CDAFA-6121-41B6-821A-4F2C761BA2FA} = {8D551C39-FF3B-4447-9D15-2F68676769C2}
		{1F77EB65-4095-476D-964C-68D4351812FA} = {8D551C39-FF3B-4447-9D15-2F68676769C2}
		{1500C851-A5E2-4B23-A372-07B1EB2A845F} = {9C68029C-9945-4EFB-B6C7-7FA24303A589}
		{E93712BD-66F9-4905-9738-0FEF2652BE85} = {1500C851-A5E2-4B23-A372-07B1EB2A845F}
		{84F3A5AC-7791-4E16-AAAE-72CB293B0F36} = {1500C851-A5E2-4B23-A372-07B1EB2A845F}
		{36F763A5-C3C4-4723-A56E-C9EC816F57D8} = {1500C851-A5E2-4B23-A372-07B1EB2A845F}
		{9FCB9D5D-577B-4F30-AA0D-773E3F4EE4E0} = {1500C851-A5E2-4B23-A372-07B1EB2A845F}
		{68AF51EB-0693-4995-A39B-D0E39B2F472E} = {1500C851-A5E2-4B23-A372-07B1EB2A845F}
		{F2B3C381-621E-4C28-9147-DCB4AAAD50C0} = {9C68029C-9945-4EFB-B6C7-7FA24303A589}
		{EFAE8848-44FC-4BE3-986C-C939AD6560CC} = {F2B3C381-621E-4C28-9147-DCB4AAAD50C0}
		{CCE18983-6440-4526-84BF-61B1C9BD3288} = {F2B3C381-621E-4C28-9147-DCB4AAAD50C0}
		{E6B2C39D-B529-43CF-902B-53F573676F23} = {F2B3C381-621E-4C28-9147-DCB4AAAD50C0}
		{BE064AE2-E341-4891-95F0-2D82DE5AB200} = {F2B3C381-621E-4C28-9147-DCB4AAAD50C0}
		{3CA34D94-7F4D-4FED-8E40-D9EED9765F33} = {F2B3C381-621E-4C28-9147-DCB4AAAD50C0}
		{C82EA26D-742F-4066-B9AE-21C53D48088D} = {9C68029C-9945-4EFB-B6C7-7FA24303A589}
		{71ED1D4E-DEC2-4219-B655-B3C2C3FD0347} = {C82EA26D-742F-4066-B9AE-21C53D48088D}
		{E1ED4116-447B-47BB-B44D-DB4CD68532E4} = {C82EA26D-742F-4066-B9AE-21C53D48088D}
		{638EB204-8BA3-4344-9DBD-88C43FF475A3} = {C82EA26D-742F-4066-B9AE-21C53D48088D}
		{BD04AF99-EC96-410A-A0B8-FB879A7C9C91} = {C82EA26D-742F-4066-B9AE-21C53D48088D}
		{CD54157F-98C6-482C-840C-04434A3E58D4} = {C82EA26D-742F-4066-B9AE-21C53D48088D}
		{FA04D24A-83E9-4D7F-AA79-7A86702FE6F5} = {C82EA26D-742F-4066-B9AE-21C53D48088D}
		{4377FC69-1B73-4D2A-BBA8-FB69C4695D4C} = {8D551C39-FF3B-4447-9D15-2F68676769C2}
		{E93C0318-9A89-48AD-82F3-38AFDE31853C} = {2D8DC52A-AEA2-4206-B680-7CADDFBE0F6F}
		{10804C75-4CC5-4383-8F37-F8C0073460B9} = {9C68029C-9945-4EFB-B6C7-7FA24303A589}
		{01485058-58B2-4AF2-8C17-416309B45102} = {10804C75-4CC5-4383-8F37-F8C0073460B9}
		{1F67F2C9-73B3-49DA-8365-38A70F284231} = {10804C75-4CC5-4383-8F37-F8C0073460B9}
		{2A7B0F5A-1031-48CE-A9D9-DFD080D3219B} = {10804C75-4CC5-4383-8F37-F8C0073460B9}
		{C5E87AAA-E3AE-429D-A107-7F6852B11230} = {10804C75-4CC5-4383-8F37-F8C0073460B9}
		{12EE5800-F3B3-4E49-A463-8429C3975E0A} = {10804C75-4CC5-4383-8F37-F8C0073460B9}
		{FDFE3CC3-D38F-42DD-8E35-319E35103396} = {9C68029C-9945-4EFB-B6C7-7FA24303A589}
		{60D799A3-B9DF-4769-AFB7-3AFCB89272C7} = {FDFE3CC3-D38F-42DD-8E35-319E35103396}
		{7954D7C5-6DA4-4A2F-A912-6B420BA35CE0} = {FDFE3CC3-D38F-42DD-8E35-319E35103396}
		{C5DF74B8-6D2D-42D0-8A48-0CEE64797E03} = {FDFE3CC3-D38F-42DD-8E35-319E35103396}
		{956D92CD-3CF3-48A8-9CE4-4670707E901B} = {FDFE3CC3-D38F-42DD-8E35-319E35103396}
		{20A2C2AE-6D11-4179-B756-3F15FB7FB350} = {FDFE3CC3-D38F-42DD-8E35-319E35103396}
		{BF083055-F856-4B96-AB01-D66609826814} = {FDFE3CC3-D38F-42DD-8E35-319E35103396}
		{C3C0404C-8A83-407D-96ED-F04A85282E32} = {F2B3C381-621E-4C28-9147-DCB4AAAD50C0}
		{6FAFFF6E-13E4-4600-AC83-F63E54F1B054} = {10804C75-4CC5-4383-8F37-F8C0073460B9}
		{16CA6B48-F18F-4CFF-98D5-DD33E5066A16} = {420B6538-4CB8-49F2-B245-54C6C8C9992A}
		{A85E5BE3-CA61-499F-B819-127944EC3A5C} = {9C68029C-9945-4EFB-B6C7-7FA24303A589}
		{8A545DEF-C766-42E4-948E-1807CD9B703F} = {A85E5BE3-CA61-499F-B819-127944EC3A5C}
		{04D76857-7A53-4B70-8D3E-0FD2614AC7A1} = {A85E5BE3-CA61-499F-B819-127944EC3A5C}
		{553409B3-DA20-436E-823F-F5F590CACC11} = {A85E5BE3-CA61-499F-B819-127944EC3A5C}
		{78DE821A-CC51-4387-9863-C10C35F092CD} = {A85E5BE3-CA61-499F-B819-127944EC3A5C}
		{8F6D9BF5-2763-4136-B08B-262CFF237E00} = {A85E5BE3-CA61-499F-B819-127944EC3A5C}
		{3CEA22A8-720D-48AA-BECC-4689DDD5B565} = {6EBD8D18-8091-4406-BEE5-99E9B3F3343E}
		{8871E566-208B-4A5E-A091-942472B81D4B} = {6EBD8D18-8091-4406-BEE5-99E9B3F3343E}
		{0515B3A0-9C89-4239-A0AE-771849E39C99} = {6EBD8D18-8091-4406-BEE5-99E9B3F3343E}
		{8DEAFADE-57B4-4DC6-B5E9-C6FF62169D90} = {6EBD8D18-8091-4406-BEE5-99E9B3F3343E}
		{3732BFAB-E2FF-4492-978A-26187BC46F33} = {6EBD8D18-8091-4406-BEE5-99E9B3F3343E}
		{7A31BEFB-05B0-40D6-8CA2-BC2D48C99F3B} = {6EBD8D18-8091-4406-BEE5-99E9B3F3343E}
	EndGlobalSection
	GlobalSection(ExtensibilityGlobals) = postSolution
		SolutionGuid = {47CF4F5B-EF7B-4BFC-AA6A-31504BF0CA10}
	EndGlobalSection
EndGlobal
